hash: 6b7287ceab12861626f7ddf96d5e4bb363e03cc40d309fc6c31be1c9b9132408
updated: 2017-08-28T14:30:19.176830165-04:00
imports:
- name: github.com/gorilla/context
  version: 08b5f424b9271eedf6f9f0ce86cb9396ed337a42
- name: github.com/gorilla/mux
  version: bcd8bc72b08df0f70df986b97f95590779502d31
- name: github.com/lib/pq
  version: 8837942c3e09574accbc5f150e2c5e057189cace
- name: github.com/NYTimes/gziphandler
  version: 56545f4a5d46df9a6648819d1664c3a03a13ffdb
- name: gopkg.in/urfave/cli.v1
  version: cfb38830724cc34fedffe9a2a29fb54fa9169cd1
testImports: []
